{
    "_readme": [
        "This file locks the dependencies of your project to a known state",
        "Read more about it at http://getcomposer.org/doc/01-basic-usage.md#composer-lock-the-lock-file",
        "This file is @generated automatically"
    ],
    "hash": "14cdc0180a71c72b5d5070e005b4f928",
    "packages": [
        {
            "name": "aws/aws-sdk-php",
            "version": "2.6.16",
            "source": {
                "type": "git",
                "url": "https://github.com/aws/aws-sdk-php.git",
                "reference": "36434f2cd96ea78844478d897fb568a1866bce5a"
            },
            "dist": {
                "type": "zip",
                "url": "https://api.github.com/repos/aws/aws-sdk-php/zipball/36434f2cd96ea78844478d897fb568a1866bce5a",
                "reference": "36434f2cd96ea78844478d897fb568a1866bce5a",
                "shasum": ""
            },
            "require": {
                "guzzle/guzzle": ">=3.7.0,<=3.9.9",
                "php": ">=5.3.3"
            },
            "require-dev": {
                "doctrine/cache": "~1.0",
                "ext-openssl": "*",
                "monolog/monolog": "1.4.*",
                "phpunit/phpunit": "4.*",
                "symfony/yaml": "2.*"
            },
            "suggest": {
                "doctrine/cache": "Adds support for caching of credentials and responses",
                "ext-apc": "Allows service description opcode caching, request and response caching, and credentials caching",
                "ext-openssl": "Allows working with CloudFront private distributions and verifying received SNS messages",
                "monolog/monolog": "Adds support for logging HTTP requests and responses",
                "symfony/yaml": "Eases the ability to write manifests for creating jobs in AWS Import/Export"
            },
            "type": "library",
            "extra": {
                "branch-alias": {
                    "dev-master": "2.6.x-dev"
                }
            },
            "autoload": {
                "psr-0": {
                    "Aws": "src/"
                }
            },
            "notification-url": "https://packagist.org/downloads/",
            "license": [
                "Apache-2.0"
            ],
            "authors": [
                {
                    "name": "Amazon Web Services",
                    "homepage": "http://aws.amazon.com"
                }
            ],
            "description": "AWS SDK for PHP - Use Amazon Web Services in your PHP project",
            "homepage": "http://aws.amazon.com/sdkforphp",
            "keywords": [
                "amazon",
                "aws",
                "cloud",
                "dynamodb",
                "ec2",
                "glacier",
                "s3",
                "sdk"
            ],
            "time": "2014-09-11 22:10:11"
        },
        {
            "name": "composer/composer",
            "version": "dev-master",
            "source": {
                "type": "git",
                "url": "https://github.com/composer/composer.git",
                "reference": "d79f2b0fd33ee9b89f3d9f1969f43dc3d570a33a"
            },
            "dist": {
                "type": "zip",
                "url": "https://api.github.com/repos/composer/composer/zipball/d79f2b0fd33ee9b89f3d9f1969f43dc3d570a33a",
                "reference": "d79f2b0fd33ee9b89f3d9f1969f43dc3d570a33a",
                "shasum": ""
            },
            "require": {
                "justinrainbow/json-schema": "~1.1",
                "php": ">=5.3.2",
                "seld/jsonlint": "1.*",
                "symfony/console": "~2.3",
                "symfony/finder": "~2.2",
                "symfony/process": "~2.1"
            },
            "require-dev": {
                "phpunit/phpunit": "~3.7"
            },
            "suggest": {
                "ext-openssl": "Enabling the openssl extension allows you to access https URLs for repositories and packages",
                "ext-zip": "Enabling the zip extension allows you to unzip archives, and allows gzip compression of all internet traffic"
            },
            "bin": [
                "bin/composer"
            ],
            "type": "library",
            "extra": {
                "branch-alias": {
                    "dev-master": "1.0-dev"
                }
            },
            "autoload": {
                "psr-0": {
                    "Composer": "src/"
                }
            },
            "scripts": {
                "test": [
                    "phpunit"
                ]
            },
            "license": [
                "MIT"
            ],
            "authors": [
                {
                    "name": "Nils Adermann",
                    "email": "naderman@naderman.de",
                    "homepage": "http://www.naderman.de"
                },
                {
                    "name": "Jordi Boggiano",
                    "email": "j.boggiano@seld.be",
                    "homepage": "http://seld.be"
                }
            ],
            "description": "Composer helps you declare, manage and install dependencies of PHP projects, ensuring you have the right stack everywhere.",
            "homepage": "http://getcomposer.org/",
            "keywords": [
                "autoload",
                "dependency",
                "package"
            ],
            "support": {
                "irc": "irc://irc.freenode.org/composer",
                "issues": "https://github.com/composer/composer/issues",
                "source": "https://github.com/composer/composer/tree/master"
            },
            "time": "2014-09-10 15:11:05"
        },
        {
            "name": "composer/satis",
            "version": "dev-master",
            "source": {
                "type": "git",
                "url": "https://github.com/composer/satis.git",
                "reference": "ab05ca3a1fbb93f335fbbd0cc3b7ca1ab5d9c0a9"
            },
            "dist": {
                "type": "zip",
                "url": "https://api.github.com/repos/composer/satis/zipball/ab05ca3a1fbb93f335fbbd0cc3b7ca1ab5d9c0a9",
                "reference": "ab05ca3a1fbb93f335fbbd0cc3b7ca1ab5d9c0a9",
                "shasum": ""
            },
            "require": {
                "composer/composer": "1.0.*@dev",
                "php": ">=5.3.2",
                "symfony/console": "~2.1",
                "twig/twig": "~1.7"
            },
            "bin": [
                "bin/satis"
            ],
            "type": "library",
            "autoload": {
                "psr-0": {
                    "Composer\\Satis": "src/"
                }
            },
            "license": [
                "MIT"
            ],
            "authors": [
                {
                    "name": "Jordi Boggiano",
                    "email": "j.boggiano@seld.be",
                    "homepage": "http://seld.be"
                },
                {
                    "name": "Nils Adermann",
                    "email": "naderman@naderman.de",
                    "homepage": "http://www.naderman.de"
                }
            ],
            "description": "Simple Repository Generator",
            "homepage": "https://github.com/composer/satis",
            "keywords": [
                "generator",
                "package",
                "repository"
            ],
            "support": {
                "source": "https://github.com/composer/satis/tree/master",
                "issues": "https://github.com/composer/satis/issues"
            },
            "time": "2014-09-05 15:42:04"
        },
        {
            "name": "danack/artaxservicebuilder",
            "version": "dev-master",
            "source": {
                "type": "git",
                "url": "https://github.com/Danack/ArtaxServiceBuilder.git",
                "reference": "28363c9b1773df9efcf5ecf7dac9c2923d5dd49e"
            },
            "dist": {
                "type": "zip",
                "url": "https://api.github.com/repos/Danack/ArtaxServiceBuilder/zipball/28363c9b1773df9efcf5ecf7dac9c2923d5dd49e",
                "reference": "28363c9b1773df9efcf5ecf7dac9c2923d5dd49e",
                "shasum": ""
            },
            "require": {
                "danack/danack-code": ">=2.4.4"
            },
            "require-dev": {
                "danack/auryn": "~0.9.5",
                "fzaninotto/faker": "*",
                "mockery/mockery": "0.9.1",
                "phpunit/phpunit": "4.1.3"
            },
            "type": "library",
            "autoload": {
                "psr-0": {
                    "ArtaxServiceBuilder": "src/"
                }
            },
            "support": {
                "source": "https://github.com/Danack/ArtaxServiceBuilder/tree/0.2.2",
                "issues": "https://github.com/Danack/ArtaxServiceBuilder/issues"
            },
            "time": "2014-10-12 15:27:49"
        },
        {
            "name": "danack/auryn",
            "version": "0.14.2",
            "source": {
                "type": "git",
                "url": "https://github.com/Danack/Auryn.git",
                "reference": "2471c19ecf3f9d4e2a2dfc949430fc290d67270b"
            },
            "dist": {
                "type": "zip",
                "url": "https://api.github.com/repos/Danack/Auryn/zipball/2471c19ecf3f9d4e2a2dfc949430fc290d67270b",
                "reference": "2471c19ecf3f9d4e2a2dfc949430fc290d67270b",
                "shasum": ""
            },
            "require": {
                "php": ">=5.3.0"
            },
            "replace": {
                "rdlowrey/auryn": "self.version"
            },
            "require-dev": {
                "phpunit/phpunit": "4.0.*"
            },
            "type": "library",
            "autoload": {
                "psr-4": {
                    "Auryn\\": "lib/"
                }
            },
            "license": [
                "MIT"
            ],
            "authors": [
                {
                    "name": "Daniel Lowrey",
                    "email": "rdlowrey@gmail.com",
                    "role": "Creator / Main Developer"
                },
                {
                    "name": "Levi Morrison",
                    "email": "levim@php.net",
                    "homepage": "http://morrisonlevi.github.com/",
                    "role": "Developer"
                },
                {
                    "name": "Dan Ackroyd",
                    "email": "Danack@basereality.com",
                    "homepage": "http://www.basereality.com",
                    "role": "Developer"
                }
            ],
            "description": "Auryn is a dependency injector for bootstrapping object-oriented PHP applications.",
            "homepage": "https://github.com/rdlowrey/Auryn",
            "keywords": [
                "dependency injection",
                "dic",
                "ioc"
            ],
            "support": {
                "source": "https://github.com/Danack/Auryn/tree/0.14.2",
                "issues": "https://github.com/Danack/Auryn/issues"
            },
            "time": "2014-10-11 00:30:55"
        },
        {
            "name": "danack/console",
            "version": "v2.6.0",
            "source": {
                "type": "git",
                "url": "https://github.com/Danack/Console.git",
                "reference": "c69267bda73a2c896436605e18a9d4ff808d5ef3"
            },
            "dist": {
                "type": "zip",
                "url": "https://api.github.com/repos/Danack/Console/zipball/c69267bda73a2c896436605e18a9d4ff808d5ef3",
                "reference": "c69267bda73a2c896436605e18a9d4ff808d5ef3",
                "shasum": ""
            },
            "require": {
                "php": ">=5.3.3"
            },
            "require-dev": {
                "danack/auryn": "0.14.1",
                "phpunit/phpunit": "4.2.6",
                "psr/log": "~1.0",
                "symfony/process": "~2.1"
            },
            "type": "library",
            "extra": {
                "branch-alias": {
                    "dev-master": "2.6-dev"
                }
            },
            "autoload": {
                "psr-0": {
                    "Danack\\Console\\": "lib/"
                }
            },
            "notification-url": "https://packagist.org/downloads/",
            "license": [
                "MIT"
            ],
            "authors": [
                {
                    "name": "Symfony Community",
                    "homepage": "http://symfony.com/contributors"
                },
                {
                    "name": "Fabien Potencier",
                    "email": "fabien@symfony.com"
                },
                {
                    "name": "Danack",
                    "email": "Danack@basereality.com"
                }
            ],
            "description": "Refactored Symfony Console Component",
            "homepage": "http://console.basereality.com/",
            "keywords": [
                "cli",
                "console"
            ],
            "time": "2014-09-22 17:51:49"
        },
        {
            "name": "danack/danack-code",
            "version": "dev-master",
            "source": {
                "type": "git",
                "url": "https://github.com/Danack/DanackCode.git",
                "reference": "d14f469e7042a6397214037c20ee92246b1c109a"
            },
            "dist": {
                "type": "zip",
                "url": "https://api.github.com/repos/Danack/DanackCode/zipball/d14f469e7042a6397214037c20ee92246b1c109a",
                "reference": "d14f469e7042a6397214037c20ee92246b1c109a",
                "shasum": ""
            },
            "require": {
                "php": ">=5.3.23"
            },
            "type": "library",
            "autoload": {
                "psr-0": {
                    "Danack\\Code\\": ""
                }
            },
            "license": [
                "BSD-3-Clause"
            ],
            "description": "provides facilities to generate arbitrary code using an object oriented interface",
            "keywords": [
                "code",
                "zf2"
            ],
            "support": {
                "source": "https://github.com/Danack/DanackCode/tree/2.4.5",
                "issues": "https://github.com/Danack/DanackCode/issues"
            },
            "time": "2014-09-15 22:26:39"
        },
        {
            "name": "danack/danackhttp2",
            "version": "1.2.0",
            "source": {
                "type": "git",
                "url": "https://github.com/Danack/HTTP2.git",
                "reference": "616eadd3acc058eb56e7a1076a94d74d2484024e"
            },
            "dist": {
                "type": "zip",
                "url": "https://api.github.com/repos/Danack/HTTP2/zipball/616eadd3acc058eb56e7a1076a94d74d2484024e",
                "reference": "616eadd3acc058eb56e7a1076a94d74d2484024e",
                "shasum": ""
            },
            "require-dev": {
                "phpunit/phpunit": "~4.0.0"
            },
            "type": "library",
            "autoload": {
                "psr-0": {
                    "HTTP2": "src/"
                }
            },
            "notification-url": "https://packagist.org/downloads/",
            "include-path": [
                "./"
            ],
            "license": [
                "New BSD License"
            ],
            "authors": [
                {
                    "name": "Dan Ackroyd",
                    "email": "Danack@basereality.com",
                    "homepage": "http://www.basereality.com",
                    "role": "Developer"
                }
            ],
            "description": "A fork of HTTP for PHP5 and autoloading",
            "time": "2014-07-13 21:04:06"
        },
        {
            "name": "danack/githubartaxservice",
            "version": "dev-master",
            "source": {
                "type": "git",
                "url": "https://github.com/Danack/GithubArtaxService.git",
                "reference": "84167f2d755f313b4c80a9ce7637890b0d910bd2"
            },
            "dist": {
                "type": "zip",
                "url": "https://api.github.com/repos/Danack/GithubArtaxService/zipball/84167f2d755f313b4c80a9ce7637890b0d910bd2",
                "reference": "84167f2d755f313b4c80a9ce7637890b0d910bd2",
                "shasum": ""
            },
            "require": {
                "danack/artaxservicebuilder": "~0.2.1",
                "danack/danack-code": ">=2.4.5",
                "danack/danackhttp2": ">=1.2.0",
                "rdlowrey/artax": "v1.0.0-alpha"
            },
            "require-dev": {
                "danack/auryn": "~0.9.5",
                "phpunit/phpunit": "4.1.3"
            },
            "type": "library",
            "autoload": {
                "psr-0": {
                    "GithubService": "lib/"
                }
            },
            "support": {
                "source": "https://github.com/Danack/GithubArtaxService/tree/0.2.3",
                "issues": "https://github.com/Danack/GithubArtaxService/issues"
            },
            "time": "2014-10-12 16:15:47"
        },
        {
            "name": "daverandom/addr",
            "version": "v0.2.4",
            "source": {
                "type": "git",
                "url": "https://github.com/DaveRandom/Addr.git",
                "reference": "34da0f66b831f92415569797d8b48c4a8b23cc07"
            },
            "dist": {
                "type": "zip",
                "url": "https://api.github.com/repos/DaveRandom/Addr/zipball/34da0f66b831f92415569797d8b48c4a8b23cc07",
                "reference": "34da0f66b831f92415569797d8b48c4a8b23cc07",
                "shasum": ""
            },
            "require": {
                "daverandom/libdns": "~0.2.1",
                "php": ">=5.4.0",
                "rdlowrey/alert": "~0.10.0"
            },
            "require-dev": {
                "mockery/mockery": ">=0.9.1",
                "phpunit/phpunit": "~4.1.0",
                "predis/predis": "~0.8.6",
                "rdlowrey/auryn": ">=0.13.0"
            },
            "type": "library",
            "autoload": {
                "psr-4": {
                    "Addr\\": "lib/Addr/"
                }
            },
            "notification-url": "https://packagist.org/downloads/",
            "license": [
                "MIT"
            ],
            "authors": [
                {
                    "name": "Chris Wright",
                    "email": "addr@daverandom.com",
                    "role": "Creator / Lead Developer"
                }
            ],
            "description": "Asynchronous DNS resolver using Alert",
            "homepage": "https://github.com/DaveRandom/Addr",
            "keywords": [
                "async",
                "client",
                "dns",
                "resolve"
            ],
            "time": "2014-08-05 21:47:07"
        },
        {
            "name": "daverandom/libdns",
            "version": "v0.2.1",
            "source": {
                "type": "git",
                "url": "https://github.com/daverandom/libdns.git",
                "reference": "f94f92f3fa8b2776ff2593c87d93d87480efeb73"
            },
            "dist": {
                "type": "zip",
                "url": "https://api.github.com/repos/daverandom/libdns/zipball/f94f92f3fa8b2776ff2593c87d93d87480efeb73",
                "reference": "f94f92f3fa8b2776ff2593c87d93d87480efeb73",
                "shasum": ""
            },
            "require": {
                "php": ">=5.4.0"
            },
            "type": "library",
            "autoload": {
                "psr-0": {
                    "LibDNS": "src"
                }
            },
            "license": [
                "MIT"
            ],
            "description": "DNS protocol implementation written in pure PHP",
            "keywords": [
                "dns"
            ],
            "support": {
                "issues": "https://github.com/DaveRandom/LibDNS/issues",
                "source": "https://github.com/daverandom/libdns/tree/v0.2.1"
            },
            "time": "2013-11-28 15:57:15"
        },
        {
            "name": "guzzle/guzzle",
            "version": "v3.9.2",
            "source": {
                "type": "git",
                "url": "https://github.com/guzzle/guzzle3.git",
                "reference": "54991459675c1a2924122afbb0e5609ade581155"
            },
            "dist": {
                "type": "zip",
                "url": "https://api.github.com/repos/guzzle/guzzle3/zipball/54991459675c1a2924122afbb0e5609ade581155",
                "reference": "54991459675c1a2924122afbb0e5609ade581155",
                "shasum": ""
            },
            "require": {
                "ext-curl": "*",
                "php": ">=5.3.3",
                "symfony/event-dispatcher": "~2.1"
            },
            "replace": {
                "guzzle/batch": "self.version",
                "guzzle/cache": "self.version",
                "guzzle/common": "self.version",
                "guzzle/http": "self.version",
                "guzzle/inflection": "self.version",
                "guzzle/iterator": "self.version",
                "guzzle/log": "self.version",
                "guzzle/parser": "self.version",
                "guzzle/plugin": "self.version",
                "guzzle/plugin-async": "self.version",
                "guzzle/plugin-backoff": "self.version",
                "guzzle/plugin-cache": "self.version",
                "guzzle/plugin-cookie": "self.version",
                "guzzle/plugin-curlauth": "self.version",
                "guzzle/plugin-error-response": "self.version",
                "guzzle/plugin-history": "self.version",
                "guzzle/plugin-log": "self.version",
                "guzzle/plugin-md5": "self.version",
                "guzzle/plugin-mock": "self.version",
                "guzzle/plugin-oauth": "self.version",
                "guzzle/service": "self.version",
                "guzzle/stream": "self.version"
            },
            "require-dev": {
                "doctrine/cache": "~1.3",
                "monolog/monolog": "~1.0",
                "phpunit/phpunit": "3.7.*",
                "psr/log": "~1.0",
                "symfony/class-loader": "~2.1",
                "zendframework/zend-cache": "2.*,<2.3",
                "zendframework/zend-log": "2.*,<2.3"
            },
            "type": "library",
            "extra": {
                "branch-alias": {
                    "dev-master": "3.9-dev"
                }
            },
            "autoload": {
                "psr-0": {
                    "Guzzle": "src/",
                    "Guzzle\\Tests": "tests/"
                }
            },
            "license": [
                "MIT"
            ],
            "authors": [
                {
                    "name": "Michael Dowling",
                    "email": "mtdowling@gmail.com",
                    "homepage": "https://github.com/mtdowling"
                },
                {
                    "name": "Guzzle Community",
                    "homepage": "https://github.com/guzzle/guzzle/contributors"
                }
            ],
            "description": "Guzzle is a PHP HTTP client library and framework for building RESTful web service clients",
            "homepage": "http://guzzlephp.org/",
            "keywords": [
                "HTTP client",
                "client",
                "curl",
                "framework",
                "http",
                "rest",
                "web service"
            ],
            "support": {
                "source": "https://github.com/guzzle/guzzle3/tree/v3.9.2",
                "issues": "https://github.com/guzzle/guzzle3/issues"
            },
            "time": "2014-08-11 04:32:36"
        },
        {
            "name": "justinrainbow/json-schema",
            "version": "1.3.7",
            "source": {
                "type": "git",
                "url": "https://github.com/justinrainbow/json-schema.git",
                "reference": "87b54b460febed69726c781ab67462084e97a105"
            },
            "dist": {
                "type": "zip",
                "url": "https://api.github.com/repos/justinrainbow/json-schema/zipball/87b54b460febed69726c781ab67462084e97a105",
                "reference": "87b54b460febed69726c781ab67462084e97a105",
                "shasum": ""
            },
            "require": {
                "php": ">=5.3.0"
            },
            "require-dev": {
                "json-schema/json-schema-test-suite": "1.1.0",
                "phpdocumentor/phpdocumentor": "~2",
                "phpunit/phpunit": "~3.7"
            },
            "bin": [
                "bin/validate-json"
            ],
            "type": "library",
            "extra": {
                "branch-alias": {
                    "dev-master": "1.4.x-dev"
                }
            },
            "autoload": {
                "psr-0": {
                    "JsonSchema": "src/"
                }
            },
            "notification-url": "https://packagist.org/downloads/",
            "license": [
                "BSD-3-Clause"
            ],
            "authors": [
                {
                    "name": "Bruno Prieto Reis",
                    "email": "bruno.p.reis@gmail.com"
                },
                {
                    "name": "Justin Rainbow",
                    "email": "justin.rainbow@gmail.com"
                },
                {
                    "name": "Igor Wiedler",
                    "email": "igor@wiedler.ch"
                },
                {
                    "name": "Robert Schönthal",
                    "email": "seroscho@googlemail.com"
                }
            ],
            "description": "A library to validate a json schema.",
            "homepage": "https://github.com/justinrainbow/json-schema",
            "keywords": [
                "json",
                "schema"
            ],
            "time": "2014-08-25 02:48:14"
        },
        {
            "name": "rdlowrey/acesync",
            "version": "v0.3.0",
            "source": {
                "type": "git",
                "url": "https://github.com/rdlowrey/acesync.git",
                "reference": "98bbe07221e81ccb0d008ef5144ae5ff9025d0c9"
            },
            "dist": {
                "type": "zip",
                "url": "https://api.github.com/repos/rdlowrey/acesync/zipball/98bbe07221e81ccb0d008ef5144ae5ff9025d0c9",
                "reference": "98bbe07221e81ccb0d008ef5144ae5ff9025d0c9",
                "shasum": ""
            },
            "require": {
                "daverandom/addr": "~0.2.0",
                "php": ">=5.4.0",
                "rdlowrey/after": "~0.3.0",
                "rdlowrey/alert": "~0.10.0"
            },
            "type": "library",
            "autoload": {
                "psr-4": {
                    "Acesync\\": "lib/"
                },
                "files": [
                    "lib/functions.php"
                ]
            },
            "license": [
                "MIT"
            ],
            "authors": [
                {
                    "name": "Daniel Lowrey",
                    "email": "rdlowrey@gmail.com",
                    "role": "Creator / Lead Developer"
                }
            ],
            "description": "Non-blocking TCP socket connection/encryption tools",
            "homepage": "https://github.com/rdlowrey/Acesync",
            "keywords": [
                "async",
                "encryption",
                "non-blocking",
                "sockets",
                "tcp",
                "tls"
            ],
            "support": {
                "source": "https://github.com/rdlowrey/acesync/tree/v0.3.0",
                "issues": "https://github.com/rdlowrey/acesync/issues"
            },
            "time": "2014-09-17 04:52:38"
        },
        {
            "name": "rdlowrey/after",
            "version": "v0.3.0",
            "source": {
                "type": "git",
                "url": "https://github.com/rdlowrey/after.git",
                "reference": "5b154dc90252f886e39dfac508e2b2f2b5cd9640"
            },
            "dist": {
                "type": "zip",
                "url": "https://api.github.com/repos/rdlowrey/after/zipball/5b154dc90252f886e39dfac508e2b2f2b5cd9640",
                "reference": "5b154dc90252f886e39dfac508e2b2f2b5cd9640",
                "shasum": ""
            },
            "require": {
                "php": ">=5.4.0",
                "rdlowrey/alert": "~0.10.0"
            },
            "type": "library",
            "autoload": {
                "psr-4": {
                    "After\\": "lib/"
                },
                "files": [
                    "lib/functions.php"
                ]
            },
            "license": [
                "MIT"
            ],
            "authors": [
                {
                    "name": "Daniel Lowrey",
                    "email": "rdlowrey@php.net",
                    "role": "Creator / Lead Developer"
                }
            ],
            "description": "Simple PHP concurrency primitives",
            "homepage": "https://github.com/rdlowrey/after",
            "keywords": [
                "async",
                "future",
                "promise"
            ],
            "support": {
                "source": "https://github.com/rdlowrey/after/tree/v0.3.0",
                "issues": "https://github.com/rdlowrey/after/issues"
            },
            "time": "2014-08-20 18:48:25"
        },
        {
            "name": "rdlowrey/alert",
            "version": "v0.10.2",
            "source": {
                "type": "git",
                "url": "https://github.com/rdlowrey/alert.git",
                "reference": "1807f340419f22c41728969d39c8af824f0535e7"
            },
            "dist": {
                "type": "zip",
                "url": "https://api.github.com/repos/rdlowrey/alert/zipball/1807f340419f22c41728969d39c8af824f0535e7",
                "reference": "1807f340419f22c41728969d39c8af824f0535e7",
                "shasum": ""
            },
            "require": {
                "php": ">=5.4.0"
            },
            "type": "library",
            "autoload": {
                "psr-4": {
                    "Alert\\": "lib/"
                },
                "files": [
                    "lib/functions.php"
                ]
            },
            "license": [
                "MIT"
            ],
            "authors": [
                {
                    "name": "Daniel Lowrey",
                    "email": "rdlowrey@php.net",
                    "role": "Creator / Lead Developer"
                }
            ],
            "description": "Event loops and stream IO reactors for non-blocking PHP applications",
            "homepage": "https://github.com/rdlowrey/alert",
            "keywords": [
                "async",
                "libevent",
                "libuv",
                "non-blocking"
            ],
            "support": {
                "source": "https://github.com/rdlowrey/alert/tree/v0.10.2",
                "issues": "https://github.com/rdlowrey/alert/issues"
            },
            "time": "2014-08-02 06:21:32"
        },
        {
            "name": "rdlowrey/artax",
            "version": "v1.0.0-beta",
            "source": {
                "type": "git",
                "url": "https://github.com/rdlowrey/artax.git",
                "reference": "3246a5e17276c80138256c99f2417c10821deb3f"
            },
            "dist": {
                "type": "zip",
                "url": "https://api.github.com/repos/rdlowrey/artax/zipball/3246a5e17276c80138256c99f2417c10821deb3f",
                "reference": "3246a5e17276c80138256c99f2417c10821deb3f",
                "shasum": ""
            },
            "require": {
                "php": ">=5.4.0",
                "rdlowrey/acesync": "~0.3",
                "rdlowrey/after": "~0.2",
                "rdlowrey/alert": "~0.10"
            },
            "type": "library",
            "autoload": {
                "psr-4": {
                    "Artax\\": "lib/"
                }
            },
            "license": [
                "MIT"
            ],
            "authors": [
                {
                    "name": "Daniel Lowrey",
                    "email": "rdlowrey@gmail.com",
                    "role": "Creator / Lead Developer"
                }
            ],
            "description": "Non-blocking HTTP/1.1 client",
            "homepage": "https://github.com/rdlowrey/Artax",
            "keywords": [
                "async",
                "client",
                "http",
                "non-blocking",
                "parallel",
                "rest"
            ],
            "support": {
                "source": "https://github.com/rdlowrey/artax/tree/v1.0.0-beta",
                "issues": "https://github.com/rdlowrey/artax/issues"
            },
            "time": "2014-09-17 04:57:55"
        },
        {
            "name": "seld/jsonlint",
            "version": "1.3.0",
            "source": {
                "type": "git",
                "url": "https://github.com/Seldaek/jsonlint.git",
                "reference": "a7bc2ec9520ad15382292591b617c43bdb1fec35"
            },
            "dist": {
                "type": "zip",
                "url": "https://api.github.com/repos/Seldaek/jsonlint/zipball/a7bc2ec9520ad15382292591b617c43bdb1fec35",
                "reference": "a7bc2ec9520ad15382292591b617c43bdb1fec35",
                "shasum": ""
            },
            "require": {
                "php": ">=5.3.0"
            },
            "bin": [
                "bin/jsonlint"
            ],
            "type": "library",
            "autoload": {
                "psr-4": {
                    "Seld\\JsonLint\\": "src/Seld/JsonLint/"
                }
            },
            "license": [
                "MIT"
            ],
            "authors": [
                {
                    "name": "Jordi Boggiano",
                    "email": "j.boggiano@seld.be",
                    "homepage": "http://seld.be"
                }
            ],
            "description": "JSON Linter",
            "keywords": [
                "json",
                "linter",
                "parser",
                "validator"
            ],
            "support": {
                "source": "https://github.com/Seldaek/jsonlint/tree/1.3.0",
                "issues": "https://github.com/Seldaek/jsonlint/issues"
            },
            "time": "2014-09-05 15:36:20"
        },
        {
            "name": "symfony/console",
            "version": "v2.5.5",
            "target-dir": "Symfony/Component/Console",
            "source": {
                "type": "git",
                "url": "https://github.com/symfony/Console.git",
                "reference": "ca053eaa031c93afb68a71e4eb1f4168dfd4a661"
            },
            "dist": {
                "type": "zip",
                "url": "https://api.github.com/repos/symfony/Console/zipball/ca053eaa031c93afb68a71e4eb1f4168dfd4a661",
                "reference": "ca053eaa031c93afb68a71e4eb1f4168dfd4a661",
                "shasum": ""
            },
            "require": {
                "php": ">=5.3.3"
            },
            "require-dev": {
                "psr/log": "~1.0",
                "symfony/event-dispatcher": "~2.1"
            },
            "suggest": {
                "psr/log": "For using the console logger",
                "symfony/event-dispatcher": ""
            },
            "type": "library",
            "extra": {
                "branch-alias": {
                    "dev-master": "2.5-dev"
                }
            },
            "autoload": {
                "psr-0": {
                    "Symfony\\Component\\Console\\": ""
                }
            },
            "notification-url": "https://packagist.org/downloads/",
            "license": [
                "MIT"
            ],
            "authors": [
                {
                    "name": "Symfony Community",
                    "homepage": "http://symfony.com/contributors"
                },
                {
                    "name": "Fabien Potencier",
                    "email": "fabien@symfony.com"
                }
            ],
            "description": "Symfony Console Component",
            "homepage": "http://symfony.com",
            "time": "2014-09-25 09:53:56"
        },
        {
            "name": "symfony/event-dispatcher",
            "version": "v2.5.5",
            "target-dir": "Symfony/Component/EventDispatcher",
            "source": {
                "type": "git",
                "url": "https://github.com/symfony/EventDispatcher.git",
                "reference": "f6281337bf5f985f585d1db6a83adb05ce531f46"
            },
            "dist": {
                "type": "zip",
                "url": "https://api.github.com/repos/symfony/EventDispatcher/zipball/f6281337bf5f985f585d1db6a83adb05ce531f46",
                "reference": "f6281337bf5f985f585d1db6a83adb05ce531f46",
                "shasum": ""
            },
            "require": {
                "php": ">=5.3.3"
            },
            "require-dev": {
                "psr/log": "~1.0",
                "symfony/config": "~2.0",
                "symfony/dependency-injection": "~2.0,<2.6.0",
                "symfony/stopwatch": "~2.2"
            },
            "suggest": {
                "symfony/dependency-injection": "",
                "symfony/http-kernel": ""
            },
            "type": "library",
            "extra": {
                "branch-alias": {
                    "dev-master": "2.5-dev"
                }
            },
            "autoload": {
                "psr-0": {
                    "Symfony\\Component\\EventDispatcher\\": ""
                }
            },
            "notification-url": "https://packagist.org/downloads/",
            "license": [
                "MIT"
            ],
            "authors": [
                {
                    "name": "Symfony Community",
                    "homepage": "http://symfony.com/contributors"
                },
                {
                    "name": "Fabien Potencier",
                    "email": "fabien@symfony.com"
                }
            ],
            "description": "Symfony EventDispatcher Component",
            "homepage": "http://symfony.com",
            "time": "2014-09-28 15:56:11"
        },
        {
            "name": "symfony/finder",
            "version": "v2.5.5",
            "target-dir": "Symfony/Component/Finder",
            "source": {
                "type": "git",
                "url": "https://github.com/symfony/Finder.git",
                "reference": "d5033742b9a6206ef6d06e813870bca18e9205df"
            },
            "dist": {
                "type": "zip",
                "url": "https://api.github.com/repos/symfony/Finder/zipball/d5033742b9a6206ef6d06e813870bca18e9205df",
                "reference": "d5033742b9a6206ef6d06e813870bca18e9205df",
                "shasum": ""
            },
            "require": {
                "php": ">=5.3.3"
            },
            "type": "library",
            "extra": {
                "branch-alias": {
                    "dev-master": "2.5-dev"
                }
            },
            "autoload": {
                "psr-0": {
                    "Symfony\\Component\\Finder\\": ""
                }
            },
            "notification-url": "https://packagist.org/downloads/",
            "license": [
                "MIT"
            ],
            "authors": [
                {
                    "name": "Symfony Community",
                    "homepage": "http://symfony.com/contributors"
                },
                {
                    "name": "Fabien Potencier",
                    "email": "fabien@symfony.com"
                }
            ],
            "description": "Symfony Finder Component",
            "homepage": "http://symfony.com",
            "time": "2014-09-27 08:35:39"
        },
        {
            "name": "symfony/process",
            "version": "v2.5.5",
            "target-dir": "Symfony/Component/Process",
            "source": {
                "type": "git",
                "url": "https://github.com/symfony/Process.git",
                "reference": "8a1ec96c4e519cee0fb971ea48a1eb7369dda54b"
            },
            "dist": {
                "type": "zip",
                "url": "https://api.github.com/repos/symfony/Process/zipball/8a1ec96c4e519cee0fb971ea48a1eb7369dda54b",
                "reference": "8a1ec96c4e519cee0fb971ea48a1eb7369dda54b",
                "shasum": ""
            },
            "require": {
                "php": ">=5.3.3"
            },
            "type": "library",
            "extra": {
                "branch-alias": {
                    "dev-master": "2.5-dev"
                }
            },
            "autoload": {
                "psr-0": {
                    "Symfony\\Component\\Process\\": ""
                }
            },
            "notification-url": "https://packagist.org/downloads/",
            "license": [
                "MIT"
            ],
            "authors": [
                {
                    "name": "Symfony Community",
                    "homepage": "http://symfony.com/contributors"
                },
                {
                    "name": "Fabien Potencier",
                    "email": "fabien@symfony.com"
                }
            ],
            "description": "Symfony Process Component",
            "homepage": "http://symfony.com",
            "time": "2014-09-23 05:25:11"
        },
        {
            "name": "twig/twig",
            "version": "v1.16.1",
            "source": {
                "type": "git",
                "url": "https://github.com/fabpot/Twig.git",
                "reference": "7c4c01dcf578523cfcddf383641a4f12790270ec"
            },
            "dist": {
                "type": "zip",
                "url": "https://api.github.com/repos/fabpot/Twig/zipball/7c4c01dcf578523cfcddf383641a4f12790270ec",
                "reference": "7c4c01dcf578523cfcddf383641a4f12790270ec",
                "shasum": ""
            },
            "require": {
                "php": ">=5.2.4"
            },
            "type": "library",
            "extra": {
                "branch-alias": {
                    "dev-master": "1.16-dev"
                }
            },
            "autoload": {
                "psr-0": {
                    "Twig_": "lib/"
                }
            },
            "notification-url": "https://packagist.org/downloads/",
            "license": [
                "BSD-3-Clause"
            ],
            "authors": [
                {
                    "name": "Fabien Potencier",
                    "email": "fabien@symfony.com",
                    "homepage": "http://fabien.potencier.org",
                    "role": "Lead Developer"
                },
                {
                    "name": "Armin Ronacher",
                    "email": "armin.ronacher@active-4.com",
                    "role": "Project Founder"
                },
                {
                    "name": "Twig Team",
                    "homepage": "https://github.com/fabpot/Twig/graphs/contributors",
                    "role": "Contributors"
                }
            ],
            "description": "Twig, the flexible, fast, and secure template language for PHP",
            "homepage": "http://twig.sensiolabs.org",
            "keywords": [
                "templating"
            ],
            "time": "2014-10-10 14:09:53"
        }
    ],
    "packages-dev": [

    ],
    "aliases": [
        {
            "alias": "0.2.2",
            "alias_normalized": "0.2.2.0",
            "version": "9999999-dev",
            "package": "danack/artaxservicebuilder"
        },
        {
            "alias": "0.2.3",
            "alias_normalized": "0.2.3.0",
            "version": "9999999-dev",
            "package": "danack/githubartaxservice"
        },
        {
            "alias": "v1.0.0-alpha",
            "alias_normalized": "1.0.0.0-alpha",
            "version": "1.0.0.0-beta",
            "package": "rdlowrey/artax"
        }
    ],
    "minimum-stability": "dev",
    "stability-flags": {
        "composer/composer": 20,
        "composer/satis": 20,
        "danack/artaxservicebuilder": 20,
        "danack/githubartaxservice": 20
    },
    "prefer-stable": true,
    "platform": {
        "php": ">=5.3.2"
    },
    "platform-dev": [

    ]
}
